
Microsoft Visual Studio Solution File, Format Version 12.00
# Visual Studio Version 16
VisualStudioVersion = 16.0.31515.178
MinimumVisualStudioVersion = 10.0.40219.1
Project("{FAE04EC0-301F-11D3-BF4B-00C04F79EFBC}") = "Chatroom", "Chatroom.csproj", "{58D6A7AE-BADC-4FB8-836D-C70EEF37273E}"
EndProject
Global
	GlobalSection(SolutionConfigurationPlatforms) = preSolution
		Debug|Any CPU = Debug|Any CPU
		Release|Any CPU = Release|Any CPU
	EndGlobalSection
	GlobalSection(ProjectConfigurationPlatforms) = postSolution
		{58D6A7AE-BADC-4FB8-836D-C70EEF37273E}.Debug|Any CPU.ActiveCfg = Debug|Any CPU
		{58D6A7AE-BADC-4FB8-836D-C70EEF37273E}.Debug|Any CPU.Build.0 = Debug|Any CPU
		{58D6A7AE-BADC-4FB8-836D-C70EEF37273E}.Release|Any CPU.ActiveCfg = Release|Any CPU
		{58D6A7AE-BADC-4FB8-836D-C70EEF37273E}.Release|Any CPU.Build.0 = Release|Any CPU
	EndGlobalSection
	GlobalSection(SolutionProperties) = preSolution
		HideSolutionNode = FALSE
	EndGlobalSection
	GlobalSection(ExtensibilityGlobals) = postSolution
		SolutionGuid = {3F1B87CE-70C3-4845-8044-11E6112027F8}
	EndGlobalSection
EndGlobal
